
Microsoft Visual Studio Solution File, Format Version 12.00
# Visual Studio 15
VisualStudioVersion = 15.0.28307.2092
MinimumVisualStudioVersion = 10.0.40219.1
Project("{FAE04EC0-301F-11D3-BF4B-00C04F79EFBC}") = "GitHubTutorial-GitHub", "GitHubTutorial-GitHub\GitHubTutorial-GitHub.csproj", "{C9348BB4-5FF6-4507-894E-B13A44BECF66}"
EndProject
Global
	GlobalSection(SolutionConfigurationPlatforms) = preSolution
		Debug|Any CPU = Debug|Any CPU
		Release|Any CPU = Release|Any CPU
	EndGlobalSection
	GlobalSection(ProjectConfigurationPlatforms) = postSolution
		{C9348BB4-5FF6-4507-894E-B13A44BECF66}.Debug|Any CPU.ActiveCfg = Debug|Any CPU
		{C9348BB4-5FF6-4507-894E-B13A44BECF66}.Debug|Any CPU.Build.0 = Debug|Any CPU
		{C9348BB4-5FF6-4507-894E-B13A44BECF66}.Release|Any CPU.ActiveCfg = Release|Any CPU
		{C9348BB4-5FF6-4507-894E-B13A44BECF66}.Release|Any CPU.Build.0 = Release|Any CPU
	EndGlobalSection
	GlobalSection(SolutionProperties) = preSolution
		HideSolutionNode = FALSE
	EndGlobalSection
	GlobalSection(ExtensibilityGlobals) = postSolution
		SolutionGuid = {C6EC92AF-94F4-4DD5-B16E-B885F32D5786}
	EndGlobalSection
EndGlobal
